
Microsoft Visual Studio Solution File, Format Version 12.00
# Visual Studio Version 17
VisualStudioVersion = 17.14.36414.22 d17.14
MinimumVisualStudioVersion = 10.0.40219.1
Project("{FAE04EC0-301F-11D3-BF4B-00C04F79EFBC}") = "ReWashPlus_DemoApp", "ReWashPlus_DemoApp.csproj", "{7E68591F-6448-41F0-8EAA-59FCCD84BEED}"
EndProject
Global
	GlobalSection(SolutionConfigurationPlatforms) = preSolution
		Debug|Any CPU = Debug|Any CPU
		Release|Any CPU = Release|Any CPU
	EndGlobalSection
	GlobalSection(ProjectConfigurationPlatforms) = postSolution
		{7E68591F-6448-41F0-8EAA-59FCCD84BEED}.Debug|Any CPU.ActiveCfg = Debug|Any CPU
		{7E68591F-6448-41F0-8EAA-59FCCD84BEED}.Debug|Any CPU.Build.0 = Debug|Any CPU
		{7E68591F-6448-41F0-8EAA-59FCCD84BEED}.Release|Any CPU.ActiveCfg = Release|Any CPU
		{7E68591F-6448-41F0-8EAA-59FCCD84BEED}.Release|Any CPU.Build.0 = Release|Any CPU
	EndGlobalSection
	GlobalSection(SolutionProperties) = preSolution
		HideSolutionNode = FALSE
	EndGlobalSection
	GlobalSection(ExtensibilityGlobals) = postSolution
		SolutionGuid = {5A2DF102-B6D3-41C7-8379-B4D6F6E16158}
	EndGlobalSection
EndGlobal
